// !$*UTF8*$!
{
	archiveVersion = 1;
	classes = {
	};
	objectVersion = 50;
	objects = {

/* Begin PBXBuildFile section */
		F48D0955245611CE0014B366 /* AppDelegate.swift in Sources */ = {isa = PBXBuildFile; fileRef = F48D0954245611CE0014B366 /* AppDelegate.swift */; };
		F48D0957245611CE0014B366 /* SceneDelegate.swift in Sources */ = {isa = PBXBuildFile; fileRef = F48D0956245611CE0014B366 /* SceneDelegate.swift */; };
		F48D0959245611CE0014B366 /* ViewController.swift in Sources */ = {isa = PBXBuildFile; fileRef = F48D0958245611CE0014B366 /* ViewController.swift */; };
		F48D095C245611CE0014B366 /* Main.storyboard in Resources */ = {isa = PBXBuildFile; fileRef = F48D095A245611CE0014B366 /* Main.storyboard */; };
		F48D095E245611DE0014B366 /* Assets.xcassets in Resources */ = {isa = PBXBuildFile; fileRef = F48D095D245611DE0014B366 /* Assets.xcassets */; };
		F48D0961245611DE0014B366 /* LaunchScreen.storyboard in Resources */ = {isa = PBXBuildFile; fileRef = F48D095F245611DE0014B366 /* LaunchScreen.storyboard */; };
		F48D0969245612970014B366 /* ScavengerHuntViewController.swift in Sources */ = {isa = PBXBuildFile; fileRef = F48D0968245612970014B366 /* ScavengerHuntViewController.swift */; };
/* End PBXBuildFile section */

/* Begin PBXFileReference section */
		F48D0951245611CE0014B366 /* Kate's  Birthday.app */ = {isa = PBXFileReference; explicitFileType = wrapper.application; includeInIndex = 0; path = "Kate's  Birthday.app"; sourceTree = BUILT_PRODUCTS_DIR; };
		F48D0954245611CE0014B366 /* AppDelegate.swift */ = {isa = PBXFileReference; lastKnownFileType = sourcecode.swift; path = AppDelegate.swift; sourceTree = "<group>"; };
		F48D0956245611CE0014B366 /* SceneDelegate.swift */ = {isa = PBXFileReference; lastKnownFileType = sourcecode.swift; path = SceneDelegate.swift; sourceTree = "<group>"; };
		F48D0958245611CE0014B366 /* ViewController.swift */ = {isa = PBXFileReference; lastKnownFileType = sourcecode.swift; path = ViewController.swift; sourceTree = "<group>"; };
		F48D095B245611CE0014B366 /* Base */ = {isa = PBXFileReference; lastKnownFileType = file.storyboard; name = Base; path = Base.lproj/Main.storyboard; sourceTree = "<group>"; };
		F48D095D245611DE0014B366 /* Assets.xcassets */ = {isa = PBXFileReference; lastKnownFileType = folder.assetcatalog; path = Assets.xcassets; sourceTree = "<group>"; };
		F48D0960245611DE0014B366 /* Base */ = {isa = PBXFileReference; lastKnownFileType = file.storyboard; name = Base; path = Base.lproj/LaunchScreen.storyboard; sourceTree = "<group>"; };
		F48D0962245611DE0014B366 /* Info.plist */ = {isa = PBXFileReference; lastKnownFileType = text.plist.xml; path = Info.plist; sourceTree = "<group>"; };
		F48D0968245612970014B366 /* ScavengerHuntViewController.swift */ = {isa = PBXFileReference; lastKnownFileType = sourcecode.swift; path = ScavengerHuntViewController.swift; sourceTree = "<group>"; };
/* End PBXFileReference section */

/* Begin PBXFrameworksBuildPhase section */
		F48D094E245611CE0014B366 /* Frameworks */ = {
			isa = PBXFrameworksBuildPhase;
			buildActionMask = 2147483647;
			files = (
			);
			runOnlyForDeploymentPostprocessing = 0;
		};
/* End PBXFrameworksBuildPhase section */

/* Begin PBXGroup section */
		F48D0948245611CE0014B366 = {
			isa = PBXGroup;
			children = (
				F48D0953245611CE0014B366 /* It's Your Birthday */,
				F48D0952245611CE0014B366 /* Products */,
			);
			sourceTree = "<group>";
		};
		F48D0952245611CE0014B366 /* Products */ = {
			isa = PBXGroup;
			children = (
				F48D0951245611CE0014B366 /* Kate's  Birthday.app */,
			);
			name = Products;
			sourceTree = "<group>";
		};
		F48D0953245611CE0014B366 /* It's Your Birthday */ = {
			isa = PBXGroup;
			children = (
				F48D0954245611CE0014B366 /* AppDelegate.swift */,
				F48D0956245611CE0014B366 /* SceneDelegate.swift */,
				F48D0958245611CE0014B366 /* ViewController.swift */,
				F48D0968245612970014B366 /* ScavengerHuntViewController.swift */,
				F48D095A245611CE0014B366 /* Main.storyboard */,
				F48D095D245611DE0014B366 /* Assets.xcassets */,
				F48D095F245611DE0014B366 /* LaunchScreen.storyboard */,
				F48D0962245611DE0014B366 /* Info.plist */,
			);
			path = "It's Your Birthday";
			sourceTree = "<group>";
		};
/* End PBXGroup section */

/* Begin PBXNativeTarget section */
		F48D0950245611CE0014B366 /* It's Your Birthday */ = {
			isa = PBXNativeTarget;
			buildConfigurationList = F48D0965245611DE0014B366 /* Build configuration list for PBXNativeTarget "It's Your Birthday" */;
			buildPhases = (
				F48D094D245611CE0014B366 /* Sources */,
				F48D094E245611CE0014B366 /* Frameworks */,
				F48D094F245611CE0014B366 /* Resources */,
			);
			buildRules = (
			);
			dependencies = (
			);
			name = "It's Your Birthday";
			productName = "It's Your Birthday";
			productReference = F48D0951245611CE0014B366 /* Kate's  Birthday.app */;
			productType = "com.apple.product-type.application";
		};
/* End PBXNativeTarget section */

/* Begin PBXProject section */
		F48D0949245611CE0014B366 /* Project object */ = {
			isa = PBXProject;
			attributes = {
				LastSwiftUpdateCheck = 1120;
				LastUpgradeCheck = 1120;
				ORGANIZATIONNAME = "Haden Olfers";
				TargetAttributes = {
					F48D0950245611CE0014B366 = {
						CreatedOnToolsVersion = 11.2.1;
					};
				};
			};
			buildConfigurationList = F48D094C245611CE0014B366 /* Build configuration list for PBXProject "It's Your Birthday" */;
			compatibilityVersion = "Xcode 9.3";
			developmentRegion = en;
			hasScannedForEncodings = 0;
			knownRegions = (
				en,
				Base,
			);
			mainGroup = F48D0948245611CE0014B366;
			productRefGroup = F48D0952245611CE0014B366 /* Products */;
			projectDirPath = "";
			projectRoot = "";
			targets = (
				F48D0950245611CE0014B366 /* It's Your Birthday */,
			);
		};
/* End PBXProject section */

/* Begin PBXResourcesBuildPhase section */
		F48D094F245611CE0014B366 /* Resources */ = {
			isa = PBXResourcesBuildPhase;
			buildActionMask = 2147483647;
			files = (
				F48D0961245611DE0014B366 /* LaunchScreen.storyboard in Resources */,
				F48D095E245611DE0014B366 /* Assets.xcassets in Resources */,
				F48D095C245611CE0014B366 /* Main.storyboard in Resources */,
			);
			runOnlyForDeploymentPostprocessing = 0;
		};
/* End PBXResourcesBuildPhase section */

/* Begin PBXSourcesBuildPhase section */
		F48D094D245611CE0014B366 /* Sources */ = {
			isa = PBXSourcesBuildPhase;
			buildActionMask = 2147483647;
			files = (
				F48D0969245612970014B366 /* ScavengerHuntViewController.swift in Sources */,
				F48D0959245611CE0014B366 /* ViewController.swift in Sources */,
				F48D0955245611CE0014B366 /* AppDelegate.swift in Sources */,
				F48D0957245611CE0014B366 /* SceneDelegate.swift in Sources */,
			);
			runOnlyForDeploymentPostprocessing = 0;
		};
/* End PBXSourcesBuildPhase section */

/* Begin PBXVariantGroup section */
		F48D095A245611CE0014B366 /* Main.storyboard */ = {
			isa = PBXVariantGroup;
			children = (
				F48D095B245611CE0014B366 /* Base */,
			);
			name = Main.storyboard;
			sourceTree = "<group>";
		};
		F48D095F245611DE0014B366 /* LaunchScreen.storyboard */ = {
			isa = PBXVariantGroup;
			children = (
				F48D0960245611DE0014B366 /* Base */,
			);
			name = LaunchScreen.storyboard;
			sourceTree = "<group>";
		};
/* End PBXVariantGroup section */

/* Begin XCBuildConfiguration section */
		F48D0963245611DE0014B366 /* Debug */ = {
			isa = XCBuildConfiguration;
			buildSettings = {
				ALWAYS_SEARCH_USER_PATHS = NO;
				CLANG_ANALYZER_NONNULL = YES;
				CLANG_ANALYZER_NUMBER_OBJECT_CONVERSION = YES_AGGRESSIVE;
				CLANG_CXX_LANGUAGE_STANDARD = "gnu++14";
				CLANG_CXX_LIBRARY = "libc++";
				CLANG_ENABLE_MODULES = YES;
				CLANG_ENABLE_OBJC_ARC = YES;
				CLANG_ENABLE_OBJC_WEAK = YES;
				CLANG_WARN_BLOCK_CAPTURE_AUTORELEASING = YES;
				CLANG_WARN_BOOL_CONVERSION = YES;
				CLANG_WARN_COMMA = YES;
				CLANG_WARN_CONSTANT_CONVERSION = YES;
				CLANG_WARN_DEPRECATED_OBJC_IMPLEMENTATIONS = YES;
				CLANG_WARN_DIRECT_OBJC_ISA_USAGE = YES_ERROR;
				CLANG_WARN_DOCUMENTATION_COMMENTS = YES;
				CLANG_WARN_EMPTY_BODY = YES;
				CLANG_WARN_ENUM_CONVERSION = YES;
				CLANG_WARN_INFINITE_RECURSION = YES;
				CLANG_WARN_INT_CONVERSION = YES;
				CLANG_WARN_NON_LITERAL_NULL_CONVERSION = YES;
				CLANG_WARN_OBJC_IMPLICIT_RETAIN_SELF = YES;
				CLANG_WARN_OBJC_LITERAL_CONVERSION = YES;
				CLANG_WARN_OBJC_ROOT_CLASS = YES_ERROR;
				CLANG_WARN_RANGE_LOOP_ANALYSIS = YES;
				CLANG_WARN_STRICT_PROTOTYPES = YES;
				CLANG_WARN_SUSPICIOUS_MOVE = YES;
				CLANG_WARN_UNGUARDED_AVAILABILITY = YES_AGGRESSIVE;
				CLANG_WARN_UNREACHABLE_CODE = YES;
				CLANG_WARN__DUPLICATE_METHOD_MATCH = YES;
				COPY_PHASE_STRIP = NO;
				DEBUG_INFORMATION_FORMAT = dwarf;
				ENABLE_STRICT_OBJC_MSGSEND = YES;
				ENABLE_TESTABILITY = YES;
				GCC_C_LANGUAGE_STANDARD = gnu11;
				GCC_DYNAMIC_NO_PIC = NO;
				GCC_NO_COMMON_BLOCKS = YES;
				GCC_OPTIMIZATION_LEVEL = 0;
				GCC_PREPROCESSOR_DEFINITIONS = (
					"DEBUG=1",
					"$(inherited)",
				);
				GCC_WARN_64_TO_32_BIT_CONVERSION = YES;
				GCC_WARN_ABOUT_RETURN_TYPE = YES_ERROR;
				GCC_WARN_UNDECLARED_SELECTOR = YES;
				GCC_WARN_UNINITIALIZED_AUTOS = YES_AGGRESSIVE;
				GCC_WARN_UNUSED_FUNCTION = YES;
				GCC_WARN_UNUSED_VARIABLE = YES;
				IPHONEOS_DEPLOYMENT_TARGET = 13.2;
				MTL_ENABLE_DEBUG_INFO = INCLUDE_SOURCE;
				MTL_FAST_MATH = YES;
				ONLY_ACTIVE_ARCH = YES;
				SDKROOT = iphoneos;
				SWIFT_ACTIVE_COMPILATION_CONDITIONS = DEBUG;
				SWIFT_OPTIMIZATION_LEVEL = "-Onone";
			};
			name = Debug;
		};
		F48D0964245611DE0014B366 /* Release */ = {
			isa = XCBuildConfiguration;
			buildSettings = {
				ALWAYS_SEARCH_USER_PATHS = NO;
				CLANG_ANALYZER_NONNULL = YES;
				CLANG_ANALYZER_NUMBER_OBJECT_CONVERSION = YES_AGGRESSIVE;
				CLANG_CXX_LANGUAGE_STANDARD = "gnu++14";
				CLANG_CXX_LIBRARY = "libc++";
				CLANG_ENABLE_MODULES = YES;
				CLANG_ENABLE_OBJC_ARC = YES;
				CLANG_ENABLE_OBJC_WEAK = YES;
				CLANG_WARN_BLOCK_CAPTURE_AUTORELEASING = YES;
				CLANG_WARN_BOOL_CONVERSION = YES;
				CLANG_WARN_COMMA = YES;
				CLANG_WARN_CONSTANT_CONVERSION = YES;
				CLANG_WARN_DEPRECATED_OBJC_IMPLEMENTATIONS = YES;
				CLANG_WARN_DIRECT_OBJC_ISA_USAGE = YES_ERROR;
				CLANG_WARN_DOCUMENTATION_COMMENTS = YES;
				CLANG_WARN_EMPTY_BODY = YES;
				CLANG_WARN_ENUM_CONVERSION = YES;
				CLANG_WARN_INFINITE_RECURSION = YES;
				CLANG_WARN_INT_CONVERSION = YES;
				CLANG_WARN_NON_LITERAL_NULL_CONVERSION = YES;
				CLANG_WARN_OBJC_IMPLICIT_RETAIN_SELF = YES;
				CLANG_WARN_OBJC_LITERAL_CONVERSION = YES;
				CLANG_WARN_OBJC_ROOT_CLASS = YES_ERROR;
				CLANG_WARN_RANGE_LOOP_ANALYSIS = YES;
				CLANG_WARN_STRICT_PROTOTYPES = YES;
				CLANG_WARN_SUSPICIOUS_MOVE = YES;
				CLANG_WARN_UNGUARDED_AVAILABILITY = YES_AGGRESSIVE;
				CLANG_WARN_UNREACHABLE_CODE = YES;
				CLANG_WARN__DUPLICATE_METHOD_MATCH = YES;
				COPY_PHASE_STRIP = NO;
				DEBUG_INFORMATION_FORMAT = "dwarf-with-dsym";
				ENABLE_NS_ASSERTIONS = NO;
				ENABLE_STRICT_OBJC_MSGSEND = YES;
				GCC_C_LANGUAGE_STANDARD = gnu11;
				GCC_NO_COMMON_BLOCKS = YES;
				GCC_WARN_64_TO_32_BIT_CONVERSION = YES;
				GCC_WARN_ABOUT_RETURN_TYPE = YES_ERROR;
				GCC_WARN_UNDECLARED_SELECTOR = YES;
				GCC_WARN_UNINITIALIZED_AUTOS = YES_AGGRESSIVE;
				GCC_WARN_UNUSED_FUNCTION = YES;
				GCC_WARN_UNUSED_VARIABLE = YES;
				IPHONEOS_DEPLOYMENT_TARGET = 13.2;
				MTL_ENABLE_DEBUG_INFO = NO;
				MTL_FAST_MATH = YES;
				SDKROOT = iphoneos;
				SWIFT_COMPILATION_MODE = wholemodule;
				SWIFT_OPTIMIZATION_LEVEL = "-O";
				VALIDATE_PRODUCT = YES;
			};
			name = Release;
		};
		F48D0966245611DE0014B366 /* Debug */ = {
			isa = XCBuildConfiguration;
			buildSettings = {
				ASSETCATALOG_COMPILER_APPICON_NAME = AppIcon;
				CODE_SIGN_STYLE = Automatic;
				DEVELOPMENT_TEAM = 9M8Z3RQPXU;
				INFOPLIST_FILE = "It's Your Birthday/Info.plist";
				LD_RUNPATH_SEARCH_PATHS = (
					"$(inherited)",
					"@executable_path/Frameworks",
				);
				PRODUCT_BUNDLE_IDENTIFIER = "Swift.It-s-Your-Birthday";
				PRODUCT_NAME = "Kate's  Birthday";
				SWIFT_VERSION = 5.0;
				TARGETED_DEVICE_FAMILY = "1,2";
			};
			name = Debug;
		};
		F48D0967245611DE0014B366 /* Release */ = {
			isa = XCBuildConfiguration;
			buildSettings = {
				ASSETCATALOG_COMPILER_APPICON_NAME = AppIcon;
				CODE_SIGN_STYLE = Automatic;
				DEVELOPMENT_TEAM = 9M8Z3RQPXU;
				INFOPLIST_FILE = "It's Your Birthday/Info.plist";
				LD_RUNPATH_SEARCH_PATHS = (
					"$(inherited)",
					"@executable_path/Frameworks",
				);
				PRODUCT_BUNDLE_IDENTIFIER = "Swift.It-s-Your-Birthday";
				PRODUCT_NAME = "Kate's  Birthday";
				SWIFT_VERSION = 5.0;
				TARGETED_DEVICE_FAMILY = "1,2";
			};
			name = Release;
		};
/* End XCBuildConfiguration section */

/* Begin XCConfigurationList section */
		F48D094C245611CE0014B366 /* Build configuration list for PBXProject "It's Your Birthday" */ = {
			isa = XCConfigurationList;
			buildConfigurations = (
				F48D0963245611DE0014B366 /* Debug */,
				F48D0964245611DE0014B366 /* Release */,
			);
			defaultConfigurationIsVisible = 0;
			defaultConfigurationName = Release;
		};
		F48D0965245611DE0014B366 /* Build configuration list for PBXNativeTarget "It's Your Birthday" */ = {
			isa = XCConfigurationList;
			buildConfigurations = (
				F48D0966245611DE0014B366 /* Debug */,
				F48D0967245611DE0014B366 /* Release */,
			);
			defaultConfigurationIsVisible = 0;
			defaultConfigurationName = Release;
		};
/* End XCConfigurationList section */
	};
	rootObject = F48D0949245611CE0014B366 /* Project object */;
}
